
Microsoft Visual Studio Solution File, Format Version 12.00
# Visual Studio Version 17
VisualStudioVersion = 17.8.34322.80
MinimumVisualStudioVersion = 10.0.40219.1
Project("{FAE04EC0-301F-11D3-BF4B-00C04F79EFBC}") = "JsonWebToken", "JsonWebToken\JsonWebToken.csproj", "{9EEE06F0-5E78-4EC7-8DF6-3D60FF1EB9A3}"
EndProject
Project("{FAE04EC0-301F-11D3-BF4B-00C04F79EFBC}") = "ApiKeyProject", "ApiKeyProject\ApiKeyProject.csproj", "{58013DDC-4291-4666-922A-1B00175456BE}"
EndProject
Global
	GlobalSection(SolutionConfigurationPlatforms) = preSolution
		Debug|Any CPU = Debug|Any CPU
		Release|Any CPU = Release|Any CPU
	EndGlobalSection
	GlobalSection(ProjectConfigurationPlatforms) = postSolution
		{9EEE06F0-5E78-4EC7-8DF6-3D60FF1EB9A3}.Debug|Any CPU.ActiveCfg = Debug|Any CPU
		{9EEE06F0-5E78-4EC7-8DF6-3D60FF1EB9A3}.Debug|Any CPU.Build.0 = Debug|Any CPU
		{9EEE06F0-5E78-4EC7-8DF6-3D60FF1EB9A3}.Release|Any CPU.ActiveCfg = Release|Any CPU
		{9EEE06F0-5E78-4EC7-8DF6-3D60FF1EB9A3}.Release|Any CPU.Build.0 = Release|Any CPU
		{58013DDC-4291-4666-922A-1B00175456BE}.Debug|Any CPU.ActiveCfg = Debug|Any CPU
		{58013DDC-4291-4666-922A-1B00175456BE}.Debug|Any CPU.Build.0 = Debug|Any CPU
		{58013DDC-4291-4666-922A-1B00175456BE}.Release|Any CPU.ActiveCfg = Release|Any CPU
		{58013DDC-4291-4666-922A-1B00175456BE}.Release|Any CPU.Build.0 = Release|Any CPU
	EndGlobalSection
	GlobalSection(SolutionProperties) = preSolution
		HideSolutionNode = FALSE
	EndGlobalSection
	GlobalSection(ExtensibilityGlobals) = postSolution
		SolutionGuid = {A82BA308-D7A7-488C-88B3-C6BD33C60B7A}
	EndGlobalSection
EndGlobal
